
Microsoft Visual Studio Solution File, Format Version 12.00
# Visual Studio 15
VisualStudioVersion = 15.0.28307.539
MinimumVisualStudioVersion = 10.0.40219.1
Project("{FAE04EC0-301F-11D3-BF4B-00C04F79EFBC}") = "KursachChisMet", "KursachChisMet\KursachChisMet.csproj", "{B9AE13A1-3BA9-49C8-AA8B-59475D8045F6}"
EndProject
Global
	GlobalSection(SolutionConfigurationPlatforms) = preSolution
		Debug|Any CPU = Debug|Any CPU
		Release|Any CPU = Release|Any CPU
	EndGlobalSection
	GlobalSection(ProjectConfigurationPlatforms) = postSolution
		{B9AE13A1-3BA9-49C8-AA8B-59475D8045F6}.Debug|Any CPU.ActiveCfg = Debug|Any CPU
		{B9AE13A1-3BA9-49C8-AA8B-59475D8045F6}.Debug|Any CPU.Build.0 = Debug|Any CPU
		{B9AE13A1-3BA9-49C8-AA8B-59475D8045F6}.Release|Any CPU.ActiveCfg = Release|Any CPU
		{B9AE13A1-3BA9-49C8-AA8B-59475D8045F6}.Release|Any CPU.Build.0 = Release|Any CPU
	EndGlobalSection
	GlobalSection(SolutionProperties) = preSolution
		HideSolutionNode = FALSE
	EndGlobalSection
	GlobalSection(ExtensibilityGlobals) = postSolution
		SolutionGuid = {1B7C3C0F-A8A4-4F1E-89E4-BB3398063D89}
	EndGlobalSection
EndGlobal
