
Microsoft Visual Studio Solution File, Format Version 12.00
# Visual Studio 15
VisualStudioVersion = 15.0.28307.539
MinimumVisualStudioVersion = 10.0.40219.1
Project("{FAE04EC0-301F-11D3-BF4B-00C04F79EFBC}") = "Integral", "Integral\Integral.csproj", "{7031643D-F611-46D4-9676-16E90C836628}"
EndProject
Global
	GlobalSection(SolutionConfigurationPlatforms) = preSolution
		Debug|Any CPU = Debug|Any CPU
		Release|Any CPU = Release|Any CPU
	EndGlobalSection
	GlobalSection(ProjectConfigurationPlatforms) = postSolution
		{7031643D-F611-46D4-9676-16E90C836628}.Debug|Any CPU.ActiveCfg = Debug|Any CPU
		{7031643D-F611-46D4-9676-16E90C836628}.Debug|Any CPU.Build.0 = Debug|Any CPU
		{7031643D-F611-46D4-9676-16E90C836628}.Release|Any CPU.ActiveCfg = Release|Any CPU
		{7031643D-F611-46D4-9676-16E90C836628}.Release|Any CPU.Build.0 = Release|Any CPU
	EndGlobalSection
	GlobalSection(SolutionProperties) = preSolution
		HideSolutionNode = FALSE
	EndGlobalSection
	GlobalSection(ExtensibilityGlobals) = postSolution
		SolutionGuid = {A35F3A82-D2E0-43B7-8B4C-D81BB4B69EDC}
	EndGlobalSection
EndGlobal
